
Microsoft Visual Studio Solution File, Format Version 12.00
# Visual Studio Version 17
VisualStudioVersion = 17.12.35521.163 d17.12
MinimumVisualStudioVersion = 10.0.40219.1
Project("{FAE04EC0-301F-11D3-BF4B-00C04F79EFBC}") = "Aplicacion", "Aplicacion\Aplicacion.csproj", "{1AE59461-E4FC-4C4F-8A11-C724450AE44A}"
EndProject
Project("{FAE04EC0-301F-11D3-BF4B-00C04F79EFBC}") = "Dominio", "Dominio\Dominio.csproj", "{BBA1BD15-AE60-4B55-987A-A2E37FA6C170}"
EndProject
Project("{FAE04EC0-301F-11D3-BF4B-00C04F79EFBC}") = "Persistencia", "Persistencia\Persistencia.csproj", "{3F87FE23-B39B-4169-A6BA-3DCD53F23033}"
EndProject
Project("{FAE04EC0-301F-11D3-BF4B-00C04F79EFBC}") = "WebApi", "WebApi\WebApi.csproj", "{9A3D2B5C-F908-4442-89F9-E0403E616DE6}"
EndProject
Global
	GlobalSection(SolutionConfigurationPlatforms) = preSolution
		Debug|Any CPU = Debug|Any CPU
		Release|Any CPU = Release|Any CPU
	EndGlobalSection
	GlobalSection(ProjectConfigurationPlatforms) = postSolution
		{1AE59461-E4FC-4C4F-8A11-C724450AE44A}.Debug|Any CPU.ActiveCfg = Debug|Any CPU
		{1AE59461-E4FC-4C4F-8A11-C724450AE44A}.Debug|Any CPU.Build.0 = Debug|Any CPU
		{1AE59461-E4FC-4C4F-8A11-C724450AE44A}.Release|Any CPU.ActiveCfg = Release|Any CPU
		{1AE59461-E4FC-4C4F-8A11-C724450AE44A}.Release|Any CPU.Build.0 = Release|Any CPU
		{BBA1BD15-AE60-4B55-987A-A2E37FA6C170}.Debug|Any CPU.ActiveCfg = Debug|Any CPU
		{BBA1BD15-AE60-4B55-987A-A2E37FA6C170}.Debug|Any CPU.Build.0 = Debug|Any CPU
		{BBA1BD15-AE60-4B55-987A-A2E37FA6C170}.Release|Any CPU.ActiveCfg = Release|Any CPU
		{BBA1BD15-AE60-4B55-987A-A2E37FA6C170}.Release|Any CPU.Build.0 = Release|Any CPU
		{3F87FE23-B39B-4169-A6BA-3DCD53F23033}.Debug|Any CPU.ActiveCfg = Debug|Any CPU
		{3F87FE23-B39B-4169-A6BA-3DCD53F23033}.Debug|Any CPU.Build.0 = Debug|Any CPU
		{3F87FE23-B39B-4169-A6BA-3DCD53F23033}.Release|Any CPU.ActiveCfg = Release|Any CPU
		{3F87FE23-B39B-4169-A6BA-3DCD53F23033}.Release|Any CPU.Build.0 = Release|Any CPU
		{9A3D2B5C-F908-4442-89F9-E0403E616DE6}.Debug|Any CPU.ActiveCfg = Debug|Any CPU
		{9A3D2B5C-F908-4442-89F9-E0403E616DE6}.Debug|Any CPU.Build.0 = Debug|Any CPU
		{9A3D2B5C-F908-4442-89F9-E0403E616DE6}.Release|Any CPU.ActiveCfg = Release|Any CPU
		{9A3D2B5C-F908-4442-89F9-E0403E616DE6}.Release|Any CPU.Build.0 = Release|Any CPU
	EndGlobalSection
	GlobalSection(SolutionProperties) = preSolution
		HideSolutionNode = FALSE
	EndGlobalSection
EndGlobal
